PODS:
  - Mockingjay (3.0.0-alpha.1):
    - Mockingjay/Core (= 3.0.0-alpha.1)
    - Mockingjay/XCTest (= 3.0.0-alpha.1)
  - Mockingjay/Core (3.0.0-alpha.1):
    - URITemplate (~> 3.0)
  - Mockingjay/XCTest (3.0.0-alpha.1):
    - Mockingjay/Core
  - URITemplate (3.0.1)

DEPENDENCIES:
  - Mockingjay (= 3.0.0-alpha.1)

SPEC REPOS:
  trunk:
    - Mockingjay
    - URITemplate

SPEC CHECKSUMS:
  Mockingjay: 0f7c5aa49c7f1b95621cee3c79b557141f5a225c
  URITemplate: 5f5a79f3e384884102c4e6b3325d159c20a8035a

PODFILE CHECKSUM: 1e09de511e91f331cceba84efe81e72d4c946a9a

COCOAPODS: 1.11.2
